
Microsoft Visual Studio Solution File, Format Version 12.00
# Visual Studio Version 17
VisualStudioVersion = 17.2.32630.192
MinimumVisualStudioVersion = 10.0.40219.1
Project("{9A19103F-16F7-4668-BE54-9A1E7A4F7556}") = "ToyRobot.Simulator", "ToyRobotSimulator\ToyRobot.Simulator.csproj", "{C5908150-8564-4423-B783-2A4A6F830333}"
EndProject
Project("{9A19103F-16F7-4668-BE54-9A1E7A4F7556}") = "ToyRobot.Domain", "ToyRobot.Domain\ToyRobot.Domain.csproj", "{EBD40019-6272-4629-9E56-2F3C6A052B51}"
EndProject
Project("{9A19103F-16F7-4668-BE54-9A1E7A4F7556}") = "ToyRobot.Builder", "ToyRobot.Robot\ToyRobot.Builder.csproj", "{2FE087BD-5263-427B-B7BB-CB24C071691E}"
EndProject
Project("{9A19103F-16F7-4668-BE54-9A1E7A4F7556}") = "ToyRobot.Interfaces", "ToyRobot.Interfaces\ToyRobot.Interfaces.csproj", "{FF0BDB3F-3D5D-45BA-8202-93BEF4796A59}"
EndProject
Project("{2150E333-8FDC-42A3-9474-1A3956D46DE8}") = "Tests", "Tests", "{8E0F6699-F77F-4989-ADBE-3CCFD787EC2E}"
EndProject
Project("{9A19103F-16F7-4668-BE54-9A1E7A4F7556}") = "ToyRobot.UnitTests", "ToyRobot.UnitTests\ToyRobot.UnitTests.csproj", "{B06E79C2-E568-4713-9F85-E258C918AE8E}"
EndProject
Global
	GlobalSection(SolutionConfigurationPlatforms) = preSolution
		Debug|Any CPU = Debug|Any CPU
		Release|Any CPU = Release|Any CPU
	EndGlobalSection
	GlobalSection(ProjectConfigurationPlatforms) = postSolution
		{C5908150-8564-4423-B783-2A4A6F830333}.Debug|Any CPU.ActiveCfg = Debug|Any CPU
		{C5908150-8564-4423-B783-2A4A6F830333}.Debug|Any CPU.Build.0 = Debug|Any CPU
		{C5908150-8564-4423-B783-2A4A6F830333}.Release|Any CPU.ActiveCfg = Release|Any CPU
		{C5908150-8564-4423-B783-2A4A6F830333}.Release|Any CPU.Build.0 = Release|Any CPU
		{EBD40019-6272-4629-9E56-2F3C6A052B51}.Debug|Any CPU.ActiveCfg = Debug|Any CPU
		{EBD40019-6272-4629-9E56-2F3C6A052B51}.Debug|Any CPU.Build.0 = Debug|Any CPU
		{EBD40019-6272-4629-9E56-2F3C6A052B51}.Release|Any CPU.ActiveCfg = Release|Any CPU
		{EBD40019-6272-4629-9E56-2F3C6A052B51}.Release|Any CPU.Build.0 = Release|Any CPU
		{2FE087BD-5263-427B-B7BB-CB24C071691E}.Debug|Any CPU.ActiveCfg = Debug|Any CPU
		{2FE087BD-5263-427B-B7BB-CB24C071691E}.Debug|Any CPU.Build.0 = Debug|Any CPU
		{2FE087BD-5263-427B-B7BB-CB24C071691E}.Release|Any CPU.ActiveCfg = Release|Any CPU
		{2FE087BD-5263-427B-B7BB-CB24C071691E}.Release|Any CPU.Build.0 = Release|Any CPU
		{FF0BDB3F-3D5D-45BA-8202-93BEF4796A59}.Debug|Any CPU.ActiveCfg = Debug|Any CPU
		{FF0BDB3F-3D5D-45BA-8202-93BEF4796A59}.Debug|Any CPU.Build.0 = Debug|Any CPU
		{FF0BDB3F-3D5D-45BA-8202-93BEF4796A59}.Release|Any CPU.ActiveCfg = Release|Any CPU
		{FF0BDB3F-3D5D-45BA-8202-93BEF4796A59}.Release|Any CPU.Build.0 = Release|Any CPU
		{B06E79C2-E568-4713-9F85-E258C918AE8E}.Debug|Any CPU.ActiveCfg = Debug|Any CPU
		{B06E79C2-E568-4713-9F85-E258C918AE8E}.Debug|Any CPU.Build.0 = Debug|Any CPU
		{B06E79C2-E568-4713-9F85-E258C918AE8E}.Release|Any CPU.ActiveCfg = Release|Any CPU
		{B06E79C2-E568-4713-9F85-E258C918AE8E}.Release|Any CPU.Build.0 = Release|Any CPU
	EndGlobalSection
	GlobalSection(SolutionProperties) = preSolution
		HideSolutionNode = FALSE
	EndGlobalSection
	GlobalSection(NestedProjects) = preSolution
		{B06E79C2-E568-4713-9F85-E258C918AE8E} = {8E0F6699-F77F-4989-ADBE-3CCFD787EC2E}
	EndGlobalSection
	GlobalSection(ExtensibilityGlobals) = postSolution
		SolutionGuid = {4FD51E66-04D6-4582-B5BA-4DDC215B860B}
	EndGlobalSection
EndGlobal
